<?xml version="1.0" encoding="UTF-8" standalone="yes" ?>
<CodeBlocks_project_file>
	<FileVersion major="1" minor="6" />
	<Project>
		<Option title="SocketDemo_Server" />
		<Option pch_mode="2" />
		<Option compiler="gcc" />
		<Build>
			<Target title="Linux_Debug">
				<Option output="../debug/SocketDemo_Server" prefix_auto="1" extension_auto="1" />
				<Option object_output="../debug/" />
				<Option type="1" />
				<Option compiler="gcc" />
				<Compiler>
					<Add option="-g" />
					<Add option="-pthread" />
				</Compiler>
				<Linker>
					<Add option="-pthread" />
					<Add library="rt" />
				</Linker>
			</Target>
			<Target title="Linux_Release">
				<Option output="../release/SocketDemo_Server" prefix_auto="1" extension_auto="1" />
				<Option object_output="../release/" />
				<Option type="1" />
				<Option compiler="gcc" />
				<Compiler>
					<Add option="-O2" />
					<Add option="-pthread" />
				</Compiler>
				<Linker>
					<Add option="-s" />
					<Add option="-pthread" />
					<Add library="rt" />
				</Linker>
			</Target>
			<Target title="Windows_Debug">
				<Option output="../debug/SocketDemo_Server" prefix_auto="1" extension_auto="1" />
				<Option object_output="../debug/" />
				<Option type="1" />
				<Option compiler="gcc" />
				<Compiler>
					<Add option="-g" />
					<Add option="-DUNICODE" />
				</Compiler>
				<Linker>
					<Add library="ws2_32" />
				</Linker>
			</Target>
			<Target title="Windows_Release">
				<Option output="../release/SocketDemo_Server" prefix_auto="1" extension_auto="1" />
				<Option object_output="../release/" />
				<Option type="1" />
				<Option compiler="gcc" />
				<Compiler>
					<Add option="-O2" />
					<Add option="-DUNICODE" />
				</Compiler>
				<Linker>
					<Add option="-s" />
					<Add library="ws2_32" />
				</Linker>
			</Target>
		</Build>
		<Compiler>
			<Add option="-Wall" />
			<Add option="-fexceptions" />
			<Add directory=".." />
		</Compiler>
		<Unit filename="../gen/net/iptype.c">
			<Option compilerVar="CC" />
		</Unit>
		<Unit filename="../gen/net/iptype.h" />
		<Unit filename="../gen/net/sockbase.c">
			<Option compilerVar="CC" />
		</Unit>
		<Unit filename="../gen/net/sockbase.h" />
		<Unit filename="../gen/net/socktcp.c">
			<Option compilerVar="CC" />
		</Unit>
		<Unit filename="../gen/net/socktcp.h" />
		<Unit filename="../gen/net/winwsa.c">
			<Option compilerVar="CC" />
		</Unit>
		<Unit filename="../gen/net/winwsa.h" />
		<Unit filename="../gen/systime.c">
			<Option compilerVar="CC" />
		</Unit>
		<Unit filename="../gen/systime.h" />
		<Unit filename="../gen/timeinf.c">
			<Option compilerVar="CC" />
		</Unit>
		<Unit filename="../gen/timeinf.h" />
		<Unit filename="../gen/utf.c">
			<Option compilerVar="CC" />
		</Unit>
		<Unit filename="../gen/utf.h" />
		<Unit filename="SocketDemo_Server.cpp" />
		<Extensions>
			<code_completion />
			<debugger />
			<envvars />
		</Extensions>
	</Project>
</CodeBlocks_project_file>
